
Microsoft Visual Studio Solution File, Format Version 12.00
# Visual Studio Version 17
VisualStudioVersion = 17.10.35004.147
MinimumVisualStudioVersion = 10.0.40219.1
Project("{FAE04EC0-301F-11D3-BF4B-00C04F79EFBC}") = "Indy3DModInstaller", "Indy3DModInstaller\Indy3DModInstaller.csproj", "{DA3874F1-FF7F-4F56-B124-4634A465626F}"
EndProject
Global
	GlobalSection(SolutionConfigurationPlatforms) = preSolution
		Debug|Any CPU = Debug|Any CPU
		Release|Any CPU = Release|Any CPU
	EndGlobalSection
	GlobalSection(ProjectConfigurationPlatforms) = postSolution
		{DA3874F1-FF7F-4F56-B124-4634A465626F}.Debug|Any CPU.ActiveCfg = Debug|Any CPU
		{DA3874F1-FF7F-4F56-B124-4634A465626F}.Debug|Any CPU.Build.0 = Debug|Any CPU
		{DA3874F1-FF7F-4F56-B124-4634A465626F}.Release|Any CPU.ActiveCfg = Release|Any CPU
		{DA3874F1-FF7F-4F56-B124-4634A465626F}.Release|Any CPU.Build.0 = Release|Any CPU
	EndGlobalSection
	GlobalSection(SolutionProperties) = preSolution
		HideSolutionNode = FALSE
	EndGlobalSection
	GlobalSection(ExtensibilityGlobals) = postSolution
		SolutionGuid = {E8F34D12-A203-45DE-A9DF-4E879B267D71}
	EndGlobalSection
EndGlobal
